
Microsoft Visual Studio Solution File, Format Version 12.00
# Visual Studio Version 16
VisualStudioVersion = 16.0.30011.22
MinimumVisualStudioVersion = 10.0.40219.1
Project("{9A19103F-16F7-4668-BE54-9A1E7A4F7556}") = "QuanLyNhanVien.API", "QuanLyNhanVien.API\QuanLyNhanVien.API.csproj", "{867F9263-0824-47FA-BBD6-A4A7EF5680B3}"
EndProject
Project("{FAE04EC0-301F-11D3-BF4B-00C04F79EFBC}") = "QuanLyNhanVienClient.MVC", "QuanLyNhanVienClient.MVC\QuanLyNhanVienClient.MVC.csproj", "{A14949C9-DFA7-4097-B816-5B03002D52FD}"
EndProject
Global
	GlobalSection(SolutionConfigurationPlatforms) = preSolution
		Debug|Any CPU = Debug|Any CPU
		Release|Any CPU = Release|Any CPU
	EndGlobalSection
	GlobalSection(ProjectConfigurationPlatforms) = postSolution
		{867F9263-0824-47FA-BBD6-A4A7EF5680B3}.Debug|Any CPU.ActiveCfg = Debug|Any CPU
		{867F9263-0824-47FA-BBD6-A4A7EF5680B3}.Debug|Any CPU.Build.0 = Debug|Any CPU
		{867F9263-0824-47FA-BBD6-A4A7EF5680B3}.Release|Any CPU.ActiveCfg = Release|Any CPU
		{867F9263-0824-47FA-BBD6-A4A7EF5680B3}.Release|Any CPU.Build.0 = Release|Any CPU
		{A14949C9-DFA7-4097-B816-5B03002D52FD}.Debug|Any CPU.ActiveCfg = Debug|Any CPU
		{A14949C9-DFA7-4097-B816-5B03002D52FD}.Debug|Any CPU.Build.0 = Debug|Any CPU
		{A14949C9-DFA7-4097-B816-5B03002D52FD}.Release|Any CPU.ActiveCfg = Release|Any CPU
		{A14949C9-DFA7-4097-B816-5B03002D52FD}.Release|Any CPU.Build.0 = Release|Any CPU
	EndGlobalSection
	GlobalSection(SolutionProperties) = preSolution
		HideSolutionNode = FALSE
	EndGlobalSection
	GlobalSection(ExtensibilityGlobals) = postSolution
		SolutionGuid = {C7FFE2E7-F97E-48EF-8516-A6C19A157F18}
	EndGlobalSection
EndGlobal
